#MicroXplorer Configuration settings - do not modify
Mcu.Family=STM32F1
ProjectManager.MainLocation=Core/Src
RCC.MCOFreq_Value=72000000
PB13.GPIOParameters=GPIO_Label
SH.S_TIM1_CH4.0=TIM1_CH4,PWM Generation4 CH4
ProjectManager.KeepUserCode=true
Mcu.UserName=STM32F103C8Tx
ADC1.ContinuousConvMode=ENABLE
PB4.GPIO_ModeDefaultEXTI=GPIO_MODE_IT_FALLING
TIM1.IPParameters=Channel-PWM Generation1 CH1,Channel-PWM Generation2 CH2,Channel-PWM Generation3 CH3,Channel-PWM Generation4 CH4,Period,Prescaler
RCC.PLLCLKFreq_Value=72000000
PB14.GPIO_Label=BTN_COL2
PB6.GPIO_ModeDefaultEXTI=GPIO_MODE_IT_FALLING
ProjectManager.functionlistsort=1-MX_GPIO_Init-GPIO-false-HAL-true,2-MX_DMA_Init-DMA-false-HAL-true,3-SystemClock_Config-RCC-false-HAL-false,4-MX_CAN_Init-CAN-false-HAL-true,5-MX_ADC1_Init-ADC1-false-HAL-true,6-MX_TIM1_Init-TIM1-false-HAL-true,7-MX_TIM3_Init-TIM3-false-HAL-true
PA9.GPIOParameters=GPIO_Label
PA11.GPIOParameters=GPIO_Label
RCC.ADCFreqValue=12000000
PA6.GPIO_Label=DIGITAL_OUT_8
PB0.GPIO_Label=DIGITAL_OUT_22
PB6.GPIO_Label=BTN_ROW2
SH.S_TIM1_CH3.ConfNb=1
SH.S_TIM1_CH1.ConfNb=1
PB13.GPIO_Label=BTN_COL1
PB7.GPIO_ModeDefaultEXTI=GPIO_MODE_IT_FALLING
PB13.Signal=GPIO_Output
PB15.Signal=GPIO_Output
PinOutPanel.RotationAngle=0
TIM3.Channel-PWM\ Generation4\ CH4=TIM_CHANNEL_4
RCC.SYSCLKSource=RCC_SYSCLKSOURCE_PLLCLK
ProjectManager.StackSize=0x400
PB5.GPIOParameters=GPIO_PuPd,GPIO_Label,GPIO_ModeDefaultEXTI
VP_FREERTOS_VS_CMSIS_V2.Mode=CMSIS_V2
PD1-OSC_OUT.Signal=RCC_OSC_OUT
Mcu.IP4=NVIC
SH.GPXTI7.ConfNb=1
Mcu.IP5=RCC
RCC.FCLKCortexFreq_Value=72000000
Mcu.IP2=DMA
NVIC.SVCall_IRQn=true\:0\:0\:false\:false\:false\:false\:false\:false
Mcu.IP3=FREERTOS
Mcu.IP0=ADC1
PB4.GPIOParameters=GPIO_PuPd,GPIO_Label,GPIO_ModeDefaultEXTI
Mcu.IP1=CAN
CAN.Prescaler=4
TIM1.Prescaler=799
Mcu.UserConstants=
SH.S_TIM3_CH2.ConfNb=1
Mcu.ThirdPartyNb=0
TIM1.Channel-PWM\ Generation4\ CH4=TIM_CHANNEL_4
ADC1.Channel-3\#ChannelRegularConversion=ADC_CHANNEL_5
RCC.HCLKFreq_Value=72000000
Mcu.IPNb=9
ProjectManager.PreviousToolchain=
RCC.APB2TimFreq_Value=72000000
TIM3.Period=999
PB6.Signal=GPXTI6
Dma.ADC1.0.Direction=DMA_PERIPH_TO_MEMORY
PA8.GPIOParameters=GPIO_Label
FREERTOS.configUSE_MALLOC_FAILED_HOOK=1
Mcu.Pin6=PB0
Mcu.Pin7=PB1
Mcu.Pin8=PB12
Mcu.Pin9=PB13
FREERTOS.IPParameters=Tasks01,configMAX_TASK_NAME_LEN,configTOTAL_HEAP_SIZE,configUSE_MALLOC_FAILED_HOOK,FootprintOK
Dma.ADC1.0.MemDataAlignment=DMA_MDATAALIGN_HALFWORD
RCC.AHBFreq_Value=72000000
PB13.Locked=true
Mcu.Pin0=PC13-TAMPER-RTC
Mcu.Pin1=PD0-OSC_IN
TIM3.Channel-PWM\ Generation1\ CH1=TIM_CHANNEL_1
GPIO.groupedBy=Group By Peripherals
Mcu.Pin2=PD1-OSC_OUT
Mcu.Pin3=PA5
Mcu.Pin4=PA6
Mcu.Pin5=PA7
ProjectManager.ProjectBuild=false
NVIC.UsageFault_IRQn=true\:0\:0\:false\:false\:true\:false\:false\:false
NVIC.DebugMonitor_IRQn=true\:0\:0\:false\:false\:true\:false\:false\:false
NVIC.SysTick_IRQn=true\:15\:0\:false\:false\:false\:true\:false\:true
RCC.PLLMUL=RCC_PLL_MUL9
SH.GPXTI7.0=GPIO_EXTI7
PB12.GPIO_Label=BTN_COL0
ProjectManager.FirmwarePackage=STM32Cube FW_F1 V1.8.6
MxDb.Version=DB.6.0.21
PB0.GPIOParameters=GPIO_Label
ProjectManager.BackupPrevious=false
TIM1.Channel-PWM\ Generation1\ CH1=TIM_CHANNEL_1
PA14.Mode=Serial_Wire
TIM3.Prescaler=799
PB1.GPIO_Label=DIGITAL_OUT_32
Dma.ADC1.0.PeriphInc=DMA_PINC_DISABLE
CAN.NART=ENABLE
File.Version=6
PA10.GPIO_Label=DIGITAL_OUT_10
PB7.Signal=GPXTI7
PA8.Signal=S_TIM1_CH1
PB8.Locked=true
PB6.Locked=true
NVIC.PendSV_IRQn=true\:15\:0\:false\:false\:false\:true\:false\:false
SH.S_TIM3_CH1.0=TIM3_CH1,PWM Generation1 CH1
Dma.RequestsNb=1
PB6.GPIOParameters=GPIO_PuPd,GPIO_Label,GPIO_ModeDefaultEXTI
CAN.CalculateTimeQuantum=111.11111111111111
ProjectManager.HalAssertFull=false
PB0.Locked=true
VP_TIM1_VS_ClockSourceINT.Mode=Internal
FREERTOS.configTOTAL_HEAP_SIZE=10000
ProjectManager.ProjectName=stm32f1_ecu_nodes
RCC.PLLMCOFreq_Value=36000000
PB7.GPIO_Label=BTN_ROW3
Mcu.Package=LQFP48
PB9.Signal=CAN_TX
PB1.Signal=S_TIM3_CH4
PA6.Signal=S_TIM3_CH1
PA7.Locked=true
PA5.Locked=true
NVIC.TimeBase=TIM4_IRQn
ProjectManager.ToolChainLocation=
SH.GPXTI5.ConfNb=1
NVIC.TimeBaseIP=TIM4
PA10.Signal=S_TIM1_CH3
FREERTOS.FootprintOK=true
PB14.GPIOParameters=GPIO_Label
PB5.GPIO_Label=BTN_ROW1
RCC.APB1TimFreq_Value=72000000
NVIC.BusFault_IRQn=true\:0\:0\:false\:false\:true\:false\:false\:false
TIM1.Period=999
FREERTOS.configMAX_TASK_NAME_LEN=32
Dma.Request0=ADC1
ProjectManager.CustomerFirmwarePackage=
VP_TIM3_VS_ClockSourceINT.Mode=Internal
PB15.Locked=true
PB4.Signal=GPXTI4
PB5.GPIO_ModeDefaultEXTI=GPIO_MODE_IT_FALLING
PA6.GPIOParameters=GPIO_Label
PB7.GPIO_PuPd=GPIO_PULLUP
RCC.PLLSourceVirtual=RCC_PLLSOURCE_HSE
NVIC.EXTI4_IRQn=true\:5\:0\:false\:false\:true\:true\:true\:true
SH.GPXTI5.0=GPIO_EXTI5
ProjectManager.ProjectFileName=stm32f1_ecu_nodes.ioc
Dma.ADC1.0.Instance=DMA1_Channel1
FREERTOS.Tasks01=CANRxHandlerTask,24,128,CANRxHandler,Default,NULL,Dynamic,NULL,NULL;CANTxHandlerTask,24,128,CANTxHandler,Default,NULL,Dynamic,NULL,NULL
PB8.GPIOParameters=GPIO_PuPd
PD1-OSC_OUT.Mode=HSE-External-Oscillator
Mcu.PinsNb=28
ProjectManager.NoMain=false
CAN.ABOM=DISABLE
ADC1.IPParameters=Rank-3\#ChannelRegularConversion,master,Channel-3\#ChannelRegularConversion,SamplingTime-3\#ChannelRegularConversion,NbrOfConversionFlag,ContinuousConvMode
CAN.CalculateBaudRate=1000000
NVIC.SavedSvcallIrqHandlerGenerated=true
PA9.GPIO_Label=DIGITAL_OUT_19
PB6.GPIO_PuPd=GPIO_PULLUP
PB8.GPIO_PuPd=GPIO_PULLUP
PC13-TAMPER-RTC.Signal=GPIO_Output
PA11.GPIO_Label=DIGITAL_OUT_1
ProjectManager.DefaultFWLocation=true
PD0-OSC_IN.Signal=RCC_OSC_IN
PB12.Locked=true
ProjectManager.DeletePrevious=true
PB14.Locked=true
RCC.APB1CLKDivider=RCC_HCLK_DIV2
SH.S_TIM3_CH3.0=TIM3_CH3,PWM Generation3 CH3
CAN.CalculateTimeBit=999.99
RCC.FamilyName=M
RCC.ADCPresc=RCC_ADCPCLK2_DIV6
SH.GPXTI6.0=GPIO_EXTI6
PA13.Signal=SYS_JTMS-SWDIO
TIM3.Channel-PWM\ Generation3\ CH3=TIM_CHANNEL_3
SH.GPXTI6.ConfNb=1
Dma.ADC1.0.PeriphDataAlignment=DMA_PDATAALIGN_HALFWORD
CAN.BS2=CAN_BS2_3TQ
PA8.GPIO_Label=DIGITAL_OUT_28
CAN.BS1=CAN_BS1_5TQ
SH.S_TIM1_CH1.0=TIM1_CH1,PWM Generation1 CH1
ProjectManager.TargetToolchain=STM32CubeIDE
SH.S_TIM3_CH3.ConfNb=1
Dma.ADC1.0.Mode=DMA_CIRCULAR
PB7.GPIOParameters=GPIO_PuPd,GPIO_Label,GPIO_ModeDefaultEXTI
PB9.Mode=CAN_Activate
Dma.ADC1.0.Priority=DMA_PRIORITY_LOW
PA9.Signal=S_TIM1_CH2
VP_TIM1_VS_ClockSourceINT.Signal=TIM1_VS_ClockSourceINT
TIM1.Channel-PWM\ Generation2\ CH2=TIM_CHANNEL_2
PB5.Locked=true
PB9.Locked=true
PB4.GPIO_PuPd=GPIO_PULLUP
ProjectManager.RegisterCallBack=
PC13-TAMPER-RTC.Locked=true
RCC.USBFreq_Value=72000000
CAN.Mode=CAN_MODE_NORMAL
VP_TIM3_VS_ClockSourceINT.Signal=TIM3_VS_ClockSourceINT
PB1.Locked=true
SH.S_TIM1_CH2.ConfNb=1
PD0-OSC_IN.Mode=HSE-External-Oscillator
PB14.Signal=GPIO_Output
PA5.Signal=ADCx_IN5
SH.S_TIM3_CH2.0=TIM3_CH2,PWM Generation2 CH2
board=custom
ProjectManager.LastFirmware=true
RCC.VCOOutput2Freq_Value=8000000
Dma.ADC1.0.RequestParameters=Instance,Direction,PeriphInc,MemInc,PeriphDataAlignment,MemDataAlignment,Mode,Priority
VP_SYS_VS_tim4.Signal=SYS_VS_tim4
NVIC.SavedSystickIrqHandlerGenerated=true
RCC.APB2Freq_Value=72000000
MxCube.Version=6.2.1
PB4.GPIO_Label=BTN_ROW0
PB15.GPIO_Label=BTN_COL3
SH.S_TIM1_CH2.0=TIM1_CH2,PWM Generation2 CH2
NVIC.USB_LP_CAN1_RX0_IRQn=true\:5\:0\:false\:false\:true\:true\:true\:true
PA10.GPIOParameters=GPIO_Label
TIM3.IPParameters=Channel-PWM Generation1 CH1,Channel-PWM Generation2 CH2,Channel-PWM Generation3 CH3,Channel-PWM Generation4 CH4,Prescaler,Period
NVIC.NonMaskableInt_IRQn=true\:0\:0\:false\:false\:true\:false\:false\:false
CAN.IPParameters=CalculateTimeQuantum,CalculateTimeBit,CalculateBaudRate,Prescaler,BS1,Mode,BS2,ABOM,NART
PB15.GPIOParameters=GPIO_Label
PA13.Mode=Serial_Wire
ProjectManager.FreePins=false
RCC.IPParameters=ADCFreqValue,ADCPresc,AHBFreq_Value,APB1CLKDivider,APB1Freq_Value,APB1TimFreq_Value,APB2Freq_Value,APB2TimFreq_Value,FCLKCortexFreq_Value,FamilyName,HCLKFreq_Value,MCOFreq_Value,PLLCLKFreq_Value,PLLMCOFreq_Value,PLLMUL,PLLSourceVirtual,SYSCLKFreq_VALUE,SYSCLKSource,TimSysFreq_Value,USBFreq_Value,VCOOutput2Freq_Value
ProjectManager.AskForMigrate=true
Mcu.Name=STM32F103C(8-B)Tx
Mcu.Pin26=VP_TIM1_VS_ClockSourceINT
Mcu.Pin27=VP_TIM3_VS_ClockSourceINT
NVIC.SavedPendsvIrqHandlerGenerated=true
Mcu.Pin24=VP_FREERTOS_VS_CMSIS_V2
ProjectManager.UnderRoot=true
Mcu.Pin25=VP_SYS_VS_tim4
Mcu.IP8=TIM3
VP_FREERTOS_VS_CMSIS_V2.Signal=FREERTOS_VS_CMSIS_V2
Mcu.IP6=SYS
Mcu.IP7=TIM1
ProjectManager.CoupleFile=false
PB4.Locked=true
RCC.SYSCLKFreq_VALUE=72000000
Mcu.Pin22=PB8
PB5.Signal=GPXTI5
Mcu.Pin23=PB9
RCC.TimSysFreq_Value=72000000
PA7.GPIO_Label=DIGITAL_OUT_12
Mcu.Pin20=PB6
ADC1.master=1
Mcu.Pin21=PB7
SH.GPXTI4.0=GPIO_EXTI4
ADC1.Rank-3\#ChannelRegularConversion=1
ADC1.SamplingTime-3\#ChannelRegularConversion=ADC_SAMPLETIME_239CYCLES_5
NVIC.ForceEnableDMAVector=true
KeepUserPlacement=false
PB5.GPIO_PuPd=GPIO_PULLUP
NVIC.MemoryManagement_IRQn=true\:0\:0\:false\:false\:true\:false\:false\:false
ProjectManager.CompilerOptimize=6
PA11.Signal=S_TIM1_CH4
NVIC.EXTI9_5_IRQn=true\:5\:0\:false\:false\:true\:true\:true\:true
PA14.Signal=SYS_JTCK-SWCLK
Dma.ADC1.0.MemInc=DMA_MINC_ENABLE
ProjectManager.HeapSize=0x200
Mcu.Pin15=PA11
NVIC.HardFault_IRQn=true\:0\:0\:false\:false\:true\:false\:false\:false
Mcu.Pin16=PA13
Mcu.Pin13=PA9
SH.GPXTI4.ConfNb=1
SH.S_TIM1_CH3.0=TIM1_CH3,PWM Generation3 CH3
Mcu.Pin14=PA10
VP_SYS_VS_tim4.Mode=TIM4
Mcu.Pin19=PB5
SH.S_TIM3_CH1.ConfNb=1
ProjectManager.ComputerToolchain=false
Mcu.Pin17=PA14
Mcu.Pin18=PB4
SH.ADCx_IN5.0=ADC1_IN5,IN5
SH.S_TIM3_CH4.ConfNb=1
NVIC.PriorityGroup=NVIC_PRIORITYGROUP_4
ADC1.NbrOfConversionFlag=1
Mcu.Pin11=PB15
TIM3.Channel-PWM\ Generation2\ CH2=TIM_CHANNEL_2
Mcu.Pin12=PA8
PB8.Mode=CAN_Activate
Mcu.Pin10=PB14
PB7.Locked=true
PB8.Signal=CAN_RX
SH.ADCx_IN5.ConfNb=1
NVIC.DMA1_Channel1_IRQn=true\:5\:0\:false\:false\:true\:true\:false\:true
TIM1.Channel-PWM\ Generation3\ CH3=TIM_CHANNEL_3
NVIC.TIM4_IRQn=true\:0\:0\:false\:false\:true\:false\:false\:true
RCC.APB1Freq_Value=36000000
PB0.Signal=S_TIM3_CH3
PA7.GPIOParameters=GPIO_Label
SH.S_TIM1_CH4.ConfNb=1
ProjectManager.DeviceId=STM32F103C8Tx
PB12.GPIOParameters=GPIO_Label
PB12.Signal=GPIO_Output
ProjectManager.LibraryCopy=1
SH.S_TIM3_CH4.0=TIM3_CH4,PWM Generation4 CH4
PB1.GPIOParameters=GPIO_Label
PA7.Signal=S_TIM3_CH2
PA6.Locked=true
isbadioc=false
